
Microsoft Visual Studio Solution File, Format Version 12.00
# Visual Studio Version 16
VisualStudioVersion = 16.0.30704.19
MinimumVisualStudioVersion = 10.0.40219.1
Project("{9A19103F-16F7-4668-BE54-9A1E7A4F7556}") = "CityWeather.Web", "CityWeather.Web\CityWeather.Web.csproj", "{82824486-539B-4822-9982-0F9550FDDF5A}"
EndProject
Project("{FAE04EC0-301F-11D3-BF4B-00C04F79EFBC}") = "CityWeather.API", "CityWeather.API\CityWeather.API.csproj", "{157DEBD2-E97E-47C4-8D8D-3C02DC23C775}"
EndProject
Global
	GlobalSection(SolutionConfigurationPlatforms) = preSolution
		Debug|Any CPU = Debug|Any CPU
		Release|Any CPU = Release|Any CPU
	EndGlobalSection
	GlobalSection(ProjectConfigurationPlatforms) = postSolution
		{82824486-539B-4822-9982-0F9550FDDF5A}.Debug|Any CPU.ActiveCfg = Debug|Any CPU
		{82824486-539B-4822-9982-0F9550FDDF5A}.Debug|Any CPU.Build.0 = Debug|Any CPU
		{82824486-539B-4822-9982-0F9550FDDF5A}.Release|Any CPU.ActiveCfg = Release|Any CPU
		{82824486-539B-4822-9982-0F9550FDDF5A}.Release|Any CPU.Build.0 = Release|Any CPU
		{157DEBD2-E97E-47C4-8D8D-3C02DC23C775}.Debug|Any CPU.ActiveCfg = Debug|Any CPU
		{157DEBD2-E97E-47C4-8D8D-3C02DC23C775}.Debug|Any CPU.Build.0 = Debug|Any CPU
		{157DEBD2-E97E-47C4-8D8D-3C02DC23C775}.Release|Any CPU.ActiveCfg = Release|Any CPU
		{157DEBD2-E97E-47C4-8D8D-3C02DC23C775}.Release|Any CPU.Build.0 = Release|Any CPU
	EndGlobalSection
	GlobalSection(SolutionProperties) = preSolution
		HideSolutionNode = FALSE
	EndGlobalSection
	GlobalSection(ExtensibilityGlobals) = postSolution
		SolutionGuid = {A95D9DA1-E6A1-4969-BFDC-80003CC3CACD}
	EndGlobalSection
EndGlobal
